
Microsoft Visual Studio Solution File, Format Version 12.00
# Visual Studio Version 17
VisualStudioVersion = 17.11.35312.102
MinimumVisualStudioVersion = 10.0.40219.1
Project("{FAE04EC0-301F-11D3-BF4B-00C04F79EFBC}") = "TD3", "TD3.csproj", "{C05DB5E3-67E5-4D32-A5CC-3434F970E897}"
EndProject
Global
	GlobalSection(SolutionConfigurationPlatforms) = preSolution
		Debug|Any CPU = Debug|Any CPU
		Release|Any CPU = Release|Any CPU
	EndGlobalSection
	GlobalSection(ProjectConfigurationPlatforms) = postSolution
		{C05DB5E3-67E5-4D32-A5CC-3434F970E897}.Debug|Any CPU.ActiveCfg = Debug|Any CPU
		{C05DB5E3-67E5-4D32-A5CC-3434F970E897}.Debug|Any CPU.Build.0 = Debug|Any CPU
		{C05DB5E3-67E5-4D32-A5CC-3434F970E897}.Release|Any CPU.ActiveCfg = Release|Any CPU
		{C05DB5E3-67E5-4D32-A5CC-3434F970E897}.Release|Any CPU.Build.0 = Release|Any CPU
	EndGlobalSection
	GlobalSection(SolutionProperties) = preSolution
		HideSolutionNode = FALSE
	EndGlobalSection
	GlobalSection(ExtensibilityGlobals) = postSolution
		SolutionGuid = {98A79962-E693-4578-9653-B4753DCFE88F}
	EndGlobalSection
EndGlobal
